// !$*UTF8*$!
{
	archiveVersion = 1;
	classes = {
	};
	objectVersion = 46;
	objects = {

/* Begin PBXBuildFile section */
		31F31C121A66047000E0D942 /* objc_dep.py in Resources */ = {isa = PBXBuildFile; fileRef = 31F31C101A66047000E0D942 /* objc_dep.py */; };
		F83F75CF1A654E0100CC8DE3 /* AppKit.framework in Frameworks */ = {isa = PBXBuildFile; fileRef = F83F75CE1A654E0100CC8DE3 /* AppKit.framework */; };
		F83F75D11A654E0100CC8DE3 /* Foundation.framework in Frameworks */ = {isa = PBXBuildFile; fileRef = F83F75D01A654E0100CC8DE3 /* Foundation.framework */; };
		F83F75D91A654E0100CC8DE3 /* ObjectGraph.m in Sources */ = {isa = PBXBuildFile; fileRef = F83F75D81A654E0100CC8DE3 /* ObjectGraph.m */; };
		F83F75EC1A654E5A00CC8DE3 /* VWKDocumentationManager.m in Sources */ = {isa = PBXBuildFile; fileRef = F83F75E01A654E5A00CC8DE3 /* VWKDocumentationManager.m */; };
		F83F75ED1A654E5A00CC8DE3 /* VWKProject.m in Sources */ = {isa = PBXBuildFile; fileRef = F83F75E21A654E5A00CC8DE3 /* VWKProject.m */; };
		F83F75EE1A654E5A00CC8DE3 /* VWKRunOperation.m in Sources */ = {isa = PBXBuildFile; fileRef = F83F75E41A654E5A00CC8DE3 /* VWKRunOperation.m */; };
		F83F75EF1A654E5A00CC8DE3 /* VWKShellHandler.m in Sources */ = {isa = PBXBuildFile; fileRef = F83F75E61A654E5A00CC8DE3 /* VWKShellHandler.m */; };
		F83F75F01A654E5A00CC8DE3 /* VWKWorkspaceManager.m in Sources */ = {isa = PBXBuildFile; fileRef = F83F75E81A654E5A00CC8DE3 /* VWKWorkspaceManager.m */; };
		F83F75F11A654E5A00CC8DE3 /* VWKXCodeConsole.m in Sources */ = {isa = PBXBuildFile; fileRef = F83F75EA1A654E5A00CC8DE3 /* VWKXCodeConsole.m */; };
/* End PBXBuildFile section */

/* Begin PBXFileReference section */
		31F31C101A66047000E0D942 /* objc_dep.py */ = {isa = PBXFileReference; fileEncoding = 4; lastKnownFileType = text.script.python; path = objc_dep.py; sourceTree = "<group>"; };
		31F31C111A66047000E0D942 /* README.md */ = {isa = PBXFileReference; fileEncoding = 4; lastKnownFileType = net.daringfireball.markdown; path = README.md; sourceTree = "<group>"; };
		F83F75CB1A654E0100CC8DE3 /* ObjectGraph.xcplugin */ = {isa = PBXFileReference; explicitFileType = wrapper.cfbundle; includeInIndex = 0; path = ObjectGraph.xcplugin; sourceTree = BUILT_PRODUCTS_DIR; };
		F83F75CE1A654E0100CC8DE3 /* AppKit.framework */ = {isa = PBXFileReference; lastKnownFileType = wrapper.framework; name = AppKit.framework; path = /System/Library/Frameworks/AppKit.framework; sourceTree = "<absolute>"; };
		F83F75D01A654E0100CC8DE3 /* Foundation.framework */ = {isa = PBXFileReference; lastKnownFileType = wrapper.framework; name = Foundation.framework; path = /System/Library/Frameworks/Foundation.framework; sourceTree = "<absolute>"; };
		F83F75D41A654E0100CC8DE3 /* Info.plist */ = {isa = PBXFileReference; lastKnownFileType = text.plist.xml; path = Info.plist; sourceTree = "<group>"; };
		F83F75D51A654E0100CC8DE3 /* ObjectGraph.xcscheme */ = {isa = PBXFileReference; lastKnownFileType = text.xml; name = ObjectGraph.xcscheme; path = ObjectGraph.xcodeproj/xcshareddata/xcschemes/ObjectGraph.xcscheme; sourceTree = SOURCE_ROOT; };
		F83F75D71A654E0100CC8DE3 /* ObjectGraph.h */ = {isa = PBXFileReference; lastKnownFileType = sourcecode.c.h; path = ObjectGraph.h; sourceTree = "<group>"; };
		F83F75D81A654E0100CC8DE3 /* ObjectGraph.m */ = {isa = PBXFileReference; lastKnownFileType = sourcecode.c.objc; path = ObjectGraph.m; sourceTree = "<group>"; };
		F83F75DF1A654E5A00CC8DE3 /* VWKDocumentationManager.h */ = {isa = PBXFileReference; fileEncoding = 4; lastKnownFileType = sourcecode.c.h; path = VWKDocumentationManager.h; sourceTree = "<group>"; };
		F83F75E01A654E5A00CC8DE3 /* VWKDocumentationManager.m */ = {isa = PBXFileReference; fileEncoding = 4; lastKnownFileType = sourcecode.c.objc; path = VWKDocumentationManager.m; sourceTree = "<group>"; };
		F83F75E11A654E5A00CC8DE3 /* VWKProject.h */ = {isa = PBXFileReference; fileEncoding = 4; lastKnownFileType = sourcecode.c.h; path = VWKProject.h; sourceTree = "<group>"; };
		F83F75E21A654E5A00CC8DE3 /* VWKProject.m */ = {isa = PBXFileReference; fileEncoding = 4; lastKnownFileType = sourcecode.c.objc; path = VWKProject.m; sourceTree = "<group>"; };
		F83F75E31A654E5A00CC8DE3 /* VWKRunOperation.h */ = {isa = PBXFileReference; fileEncoding = 4; lastKnownFileType = sourcecode.c.h; path = VWKRunOperation.h; sourceTree = "<group>"; };
		F83F75E41A654E5A00CC8DE3 /* VWKRunOperation.m */ = {isa = PBXFileReference; fileEncoding = 4; lastKnownFileType = sourcecode.c.objc; path = VWKRunOperation.m; sourceTree = "<group>"; };
		F83F75E51A654E5A00CC8DE3 /* VWKShellHandler.h */ = {isa = PBXFileReference; fileEncoding = 4; lastKnownFileType = sourcecode.c.h; path = VWKShellHandler.h; sourceTree = "<group>"; };
		F83F75E61A654E5A00CC8DE3 /* VWKShellHandler.m */ = {isa = PBXFileReference; fileEncoding = 4; lastKnownFileType = sourcecode.c.objc; path = VWKShellHandler.m; sourceTree = "<group>"; };
		F83F75E71A654E5A00CC8DE3 /* VWKWorkspaceManager.h */ = {isa = PBXFileReference; fileEncoding = 4; lastKnownFileType = sourcecode.c.h; path = VWKWorkspaceManager.h; sourceTree = "<group>"; };
		F83F75E81A654E5A00CC8DE3 /* VWKWorkspaceManager.m */ = {isa = PBXFileReference; fileEncoding = 4; lastKnownFileType = sourcecode.c.objc; path = VWKWorkspaceManager.m; sourceTree = "<group>"; };
		F83F75E91A654E5A00CC8DE3 /* VWKXCodeConsole.h */ = {isa = PBXFileReference; fileEncoding = 4; lastKnownFileType = sourcecode.c.h; path = VWKXCodeConsole.h; sourceTree = "<group>"; };
		F83F75EA1A654E5A00CC8DE3 /* VWKXCodeConsole.m */ = {isa = PBXFileReference; fileEncoding = 4; lastKnownFileType = sourcecode.c.objc; path = VWKXCodeConsole.m; sourceTree = "<group>"; };
		F83F75EB1A654E5A00CC8DE3 /* ObjectGraph-Prefix.pch */ = {isa = PBXFileReference; fileEncoding = 4; lastKnownFileType = sourcecode.c.h; path = "ObjectGraph-Prefix.pch"; sourceTree = "<group>"; };
/* End PBXFileReference section */

/* Begin PBXFrameworksBuildPhase section */
		F83F75C91A654E0100CC8DE3 /* Frameworks */ = {
			isa = PBXFrameworksBuildPhase;
			buildActionMask = 2147483647;
			files = (
				F83F75CF1A654E0100CC8DE3 /* AppKit.framework in Frameworks */,
				F83F75D11A654E0100CC8DE3 /* Foundation.framework in Frameworks */,
			);
			runOnlyForDeploymentPostprocessing = 0;
		};
/* End PBXFrameworksBuildPhase section */

/* Begin PBXGroup section */
		31F31C0F1A66047000E0D942 /* objc_dep */ = {
			isa = PBXGroup;
			children = (
				31F31C101A66047000E0D942 /* objc_dep.py */,
				31F31C111A66047000E0D942 /* README.md */,
			);
			path = objc_dep;
			sourceTree = "<group>";
		};
		F83F75C21A654E0100CC8DE3 = {
			isa = PBXGroup;
			children = (
				F83F75D21A654E0100CC8DE3 /* ObjectGraph */,
				F83F75CD1A654E0100CC8DE3 /* Frameworks */,
				F83F75CC1A654E0100CC8DE3 /* Products */,
			);
			sourceTree = "<group>";
		};
		F83F75CC1A654E0100CC8DE3 /* Products */ = {
			isa = PBXGroup;
			children = (
				F83F75CB1A654E0100CC8DE3 /* ObjectGraph.xcplugin */,
			);
			name = Products;
			sourceTree = "<group>";
		};
		F83F75CD1A654E0100CC8DE3 /* Frameworks */ = {
			isa = PBXGroup;
			children = (
				F83F75CE1A654E0100CC8DE3 /* AppKit.framework */,
				F83F75D01A654E0100CC8DE3 /* Foundation.framework */,
			);
			name = Frameworks;
			sourceTree = "<group>";
		};
		F83F75D21A654E0100CC8DE3 /* ObjectGraph */ = {
			isa = PBXGroup;
			children = (
				31F31C0F1A66047000E0D942 /* objc_dep */,
				F83F75F21A654E6700CC8DE3 /* Helper */,
				F83F75D71A654E0100CC8DE3 /* ObjectGraph.h */,
				F83F75D81A654E0100CC8DE3 /* ObjectGraph.m */,
				F83F75D31A654E0100CC8DE3 /* Supporting Files */,
			);
			path = ObjectGraph;
			sourceTree = "<group>";
		};
		F83F75D31A654E0100CC8DE3 /* Supporting Files */ = {
			isa = PBXGroup;
			children = (
				F83F75EB1A654E5A00CC8DE3 /* ObjectGraph-Prefix.pch */,
				F83F75D41A654E0100CC8DE3 /* Info.plist */,
				F83F75D51A654E0100CC8DE3 /* ObjectGraph.xcscheme */,
			);
			name = "Supporting Files";
			sourceTree = "<group>";
		};
		F83F75F21A654E6700CC8DE3 /* Helper */ = {
			isa = PBXGroup;
			children = (
				F83F75DF1A654E5A00CC8DE3 /* VWKDocumentationManager.h */,
				F83F75E01A654E5A00CC8DE3 /* VWKDocumentationManager.m */,
				F83F75E11A654E5A00CC8DE3 /* VWKProject.h */,
				F83F75E21A654E5A00CC8DE3 /* VWKProject.m */,
				F83F75E31A654E5A00CC8DE3 /* VWKRunOperation.h */,
				F83F75E41A654E5A00CC8DE3 /* VWKRunOperation.m */,
				F83F75E51A654E5A00CC8DE3 /* VWKShellHandler.h */,
				F83F75E61A654E5A00CC8DE3 /* VWKShellHandler.m */,
				F83F75E71A654E5A00CC8DE3 /* VWKWorkspaceManager.h */,
				F83F75E81A654E5A00CC8DE3 /* VWKWorkspaceManager.m */,
				F83F75E91A654E5A00CC8DE3 /* VWKXCodeConsole.h */,
				F83F75EA1A654E5A00CC8DE3 /* VWKXCodeConsole.m */,
			);
			name = Helper;
			sourceTree = "<group>";
		};
/* End PBXGroup section */

/* Begin PBXNativeTarget section */
		F83F75CA1A654E0100CC8DE3 /* ObjectGraph */ = {
			isa = PBXNativeTarget;
			buildConfigurationList = F83F75DC1A654E0100CC8DE3 /* Build configuration list for PBXNativeTarget "ObjectGraph" */;
			buildPhases = (
				F83F75C71A654E0100CC8DE3 /* Sources */,
				F83F75C81A654E0100CC8DE3 /* Resources */,
				F83F75C91A654E0100CC8DE3 /* Frameworks */,
			);
			buildRules = (
			);
			dependencies = (
			);
			name = ObjectGraph;
			productName = ObjectGraph;
			productReference = F83F75CB1A654E0100CC8DE3 /* ObjectGraph.xcplugin */;
			productType = "com.apple.product-type.bundle";
		};
/* End PBXNativeTarget section */

/* Begin PBXProject section */
		F83F75C31A654E0100CC8DE3 /* Project object */ = {
			isa = PBXProject;
			attributes = {
				LastUpgradeCheck = 0610;
				ORGANIZATIONNAME = mocacube;
				TargetAttributes = {
					F83F75CA1A654E0100CC8DE3 = {
						CreatedOnToolsVersion = 6.1.1;
					};
				};
			};
			buildConfigurationList = F83F75C61A654E0100CC8DE3 /* Build configuration list for PBXProject "ObjectGraph-Xcode" */;
			compatibilityVersion = "Xcode 3.2";
			developmentRegion = English;
			hasScannedForEncodings = 0;
			knownRegions = (
				en,
			);
			mainGroup = F83F75C21A654E0100CC8DE3;
			productRefGroup = F83F75CC1A654E0100CC8DE3 /* Products */;
			projectDirPath = "";
			projectRoot = "";
			targets = (
				F83F75CA1A654E0100CC8DE3 /* ObjectGraph */,
			);
		};
/* End PBXProject section */

/* Begin PBXResourcesBuildPhase section */
		F83F75C81A654E0100CC8DE3 /* Resources */ = {
			isa = PBXResourcesBuildPhase;
			buildActionMask = 2147483647;
			files = (
				31F31C121A66047000E0D942 /* objc_dep.py in Resources */,
			);
			runOnlyForDeploymentPostprocessing = 0;
		};
/* End PBXResourcesBuildPhase section */

/* Begin PBXSourcesBuildPhase section */
		F83F75C71A654E0100CC8DE3 /* Sources */ = {
			isa = PBXSourcesBuildPhase;
			buildActionMask = 2147483647;
			files = (
				F83F75F01A654E5A00CC8DE3 /* VWKWorkspaceManager.m in Sources */,
				F83F75EE1A654E5A00CC8DE3 /* VWKRunOperation.m in Sources */,
				F83F75EF1A654E5A00CC8DE3 /* VWKShellHandler.m in Sources */,
				F83F75F11A654E5A00CC8DE3 /* VWKXCodeConsole.m in Sources */,
				F83F75D91A654E0100CC8DE3 /* ObjectGraph.m in Sources */,
				F83F75EC1A654E5A00CC8DE3 /* VWKDocumentationManager.m in Sources */,
				F83F75ED1A654E5A00CC8DE3 /* VWKProject.m in Sources */,
			);
			runOnlyForDeploymentPostprocessing = 0;
		};
/* End PBXSourcesBuildPhase section */

/* Begin XCBuildConfiguration section */
		F83F75DA1A654E0100CC8DE3 /* Debug */ = {
			isa = XCBuildConfiguration;
			buildSettings = {
				ALWAYS_SEARCH_USER_PATHS = NO;
				CLANG_CXX_LANGUAGE_STANDARD = "gnu++0x";
				CLANG_CXX_LIBRARY = "libc++";
				CLANG_ENABLE_MODULES = YES;
				CLANG_ENABLE_OBJC_ARC = YES;
				CLANG_WARN_BOOL_CONVERSION = YES;
				CLANG_WARN_CONSTANT_CONVERSION = YES;
				CLANG_WARN_DIRECT_OBJC_ISA_USAGE = YES_ERROR;
				CLANG_WARN_EMPTY_BODY = YES;
				CLANG_WARN_ENUM_CONVERSION = YES;
				CLANG_WARN_INT_CONVERSION = YES;
				CLANG_WARN_OBJC_ROOT_CLASS = YES_ERROR;
				CLANG_WARN_UNREACHABLE_CODE = YES;
				CLANG_WARN__DUPLICATE_METHOD_MATCH = YES;
				COPY_PHASE_STRIP = NO;
				ENABLE_STRICT_OBJC_MSGSEND = YES;
				GCC_C_LANGUAGE_STANDARD = gnu99;
				GCC_DYNAMIC_NO_PIC = NO;
				GCC_OPTIMIZATION_LEVEL = 0;
				GCC_PREPROCESSOR_DEFINITIONS = (
					"DEBUG=1",
					"$(inherited)",
				);
				GCC_SYMBOLS_PRIVATE_EXTERN = NO;
				GCC_WARN_64_TO_32_BIT_CONVERSION = YES;
				GCC_WARN_ABOUT_RETURN_TYPE = YES_ERROR;
				GCC_WARN_UNDECLARED_SELECTOR = YES;
				GCC_WARN_UNINITIALIZED_AUTOS = YES_AGGRESSIVE;
				GCC_WARN_UNUSED_FUNCTION = YES;
				GCC_WARN_UNUSED_VARIABLE = YES;
				MTL_ENABLE_DEBUG_INFO = YES;
				ONLY_ACTIVE_ARCH = YES;
			};
			name = Debug;
		};
		F83F75DB1A654E0100CC8DE3 /* Release */ = {
			isa = XCBuildConfiguration;
			buildSettings = {
				ALWAYS_SEARCH_USER_PATHS = NO;
				CLANG_CXX_LANGUAGE_STANDARD = "gnu++0x";
				CLANG_CXX_LIBRARY = "libc++";
				CLANG_ENABLE_MODULES = YES;
				CLANG_ENABLE_OBJC_ARC = YES;
				CLANG_WARN_BOOL_CONVERSION = YES;
				CLANG_WARN_CONSTANT_CONVERSION = YES;
				CLANG_WARN_DIRECT_OBJC_ISA_USAGE = YES_ERROR;
				CLANG_WARN_EMPTY_BODY = YES;
				CLANG_WARN_ENUM_CONVERSION = YES;
				CLANG_WARN_INT_CONVERSION = YES;
				CLANG_WARN_OBJC_ROOT_CLASS = YES_ERROR;
				CLANG_WARN_UNREACHABLE_CODE = YES;
				CLANG_WARN__DUPLICATE_METHOD_MATCH = YES;
				COPY_PHASE_STRIP = YES;
				ENABLE_NS_ASSERTIONS = NO;
				ENABLE_STRICT_OBJC_MSGSEND = YES;
				GCC_C_LANGUAGE_STANDARD = gnu99;
				GCC_WARN_64_TO_32_BIT_CONVERSION = YES;
				GCC_WARN_ABOUT_RETURN_TYPE = YES_ERROR;
				GCC_WARN_UNDECLARED_SELECTOR = YES;
				GCC_WARN_UNINITIALIZED_AUTOS = YES_AGGRESSIVE;
				GCC_WARN_UNUSED_FUNCTION = YES;
				GCC_WARN_UNUSED_VARIABLE = YES;
				MTL_ENABLE_DEBUG_INFO = NO;
			};
			name = Release;
		};
		F83F75DD1A654E0100CC8DE3 /* Debug */ = {
			isa = XCBuildConfiguration;
			buildSettings = {
				COMBINE_HIDPI_IMAGES = YES;
				DEPLOYMENT_LOCATION = YES;
				DSTROOT = "$(HOME)";
				GCC_PREFIX_HEADER = "ObjectGraph/ObjectGraph-Prefix.pch";
				INFOPLIST_FILE = ObjectGraph/Info.plist;
				INSTALL_PATH = "/Library/Application Support/Developer/Shared/Xcode/Plug-ins";
				MACOSX_DEPLOYMENT_TARGET = 10.10;
				PRODUCT_NAME = "$(TARGET_NAME)";
				WRAPPER_EXTENSION = xcplugin;
			};
			name = Debug;
		};
		F83F75DE1A654E0100CC8DE3 /* Release */ = {
			isa = XCBuildConfiguration;
			buildSettings = {
				COMBINE_HIDPI_IMAGES = YES;
				DEPLOYMENT_LOCATION = YES;
				DSTROOT = "$(HOME)";
				GCC_PREFIX_HEADER = "ObjectGraph/ObjectGraph-Prefix.pch";
				INFOPLIST_FILE = ObjectGraph/Info.plist;
				INSTALL_PATH = "/Library/Application Support/Developer/Shared/Xcode/Plug-ins";
				MACOSX_DEPLOYMENT_TARGET = 10.10;
				PRODUCT_NAME = "$(TARGET_NAME)";
				WRAPPER_EXTENSION = xcplugin;
			};
			name = Release;
		};
/* End XCBuildConfiguration section */

/* Begin XCConfigurationList section */
		F83F75C61A654E0100CC8DE3 /* Build configuration list for PBXProject "ObjectGraph-Xcode" */ = {
			isa = XCConfigurationList;
			buildConfigurations = (
				F83F75DA1A654E0100CC8DE3 /* Debug */,
				F83F75DB1A654E0100CC8DE3 /* Release */,
			);
			defaultConfigurationIsVisible = 0;
			defaultConfigurationName = Release;
		};
		F83F75DC1A654E0100CC8DE3 /* Build configuration list for PBXNativeTarget "ObjectGraph" */ = {
			isa = XCConfigurationList;
			buildConfigurations = (
				F83F75DD1A654E0100CC8DE3 /* Debug */,
				F83F75DE1A654E0100CC8DE3 /* Release */,
			);
			defaultConfigurationIsVisible = 0;
			defaultConfigurationName = Release;
		};
/* End XCConfigurationList section */
	};
	rootObject = F83F75C31A654E0100CC8DE3 /* Project object */;
}
